
Microsoft Visual Studio Solution File, Format Version 12.00
# Visual Studio 15
VisualStudioVersion = 15.0.27703.2047
MinimumVisualStudioVersion = 10.0.40219.1
Project("{FAE04EC0-301F-11D3-BF4B-00C04F79EFBC}") = "20180628-SP.Alumno", "20180628-SP.v1\20180628-SP.Alumno.csproj", "{28C748DA-E056-4201-87AC-D6C5FE82D35E}"
EndProject
Project("{FAE04EC0-301F-11D3-BF4B-00C04F79EFBC}") = "Entidades", "Entidades\Entidades.csproj", "{2721927A-E946-40D8-AB29-7053C0AC7CD5}"
EndProject
Project("{FAE04EC0-301F-11D3-BF4B-00C04F79EFBC}") = "Excepciones", "Excepciones\Excepciones.csproj", "{7D281E81-4F82-4688-A387-9E7C72486D89}"
EndProject
Project("{FAE04EC0-301F-11D3-BF4B-00C04F79EFBC}") = "Archivos", "Interfaces\Archivos.csproj", "{22A4D0A6-3F8E-4493-9527-A1DEC55DC32B}"
EndProject
Project("{FAE04EC0-301F-11D3-BF4B-00C04F79EFBC}") = "UnitTestProject1", "UnitTestProject1\UnitTestProject1.csproj", "{A74980B7-681F-4CDC-80C6-2C8B3D939F65}"
EndProject
Global
	GlobalSection(SolutionConfigurationPlatforms) = preSolution
		Debug|Any CPU = Debug|Any CPU
		Release|Any CPU = Release|Any CPU
	EndGlobalSection
	GlobalSection(ProjectConfigurationPlatforms) = postSolution
		{28C748DA-E056-4201-87AC-D6C5FE82D35E}.Debug|Any CPU.ActiveCfg = Debug|Any CPU
		{28C748DA-E056-4201-87AC-D6C5FE82D35E}.Debug|Any CPU.Build.0 = Debug|Any CPU
		{28C748DA-E056-4201-87AC-D6C5FE82D35E}.Release|Any CPU.ActiveCfg = Release|Any CPU
		{28C748DA-E056-4201-87AC-D6C5FE82D35E}.Release|Any CPU.Build.0 = Release|Any CPU
		{2721927A-E946-40D8-AB29-7053C0AC7CD5}.Debug|Any CPU.ActiveCfg = Debug|Any CPU
		{2721927A-E946-40D8-AB29-7053C0AC7CD5}.Debug|Any CPU.Build.0 = Debug|Any CPU
		{2721927A-E946-40D8-AB29-7053C0AC7CD5}.Release|Any CPU.ActiveCfg = Release|Any CPU
		{2721927A-E946-40D8-AB29-7053C0AC7CD5}.Release|Any CPU.Build.0 = Release|Any CPU
		{7D281E81-4F82-4688-A387-9E7C72486D89}.Debug|Any CPU.ActiveCfg = Debug|Any CPU
		{7D281E81-4F82-4688-A387-9E7C72486D89}.Debug|Any CPU.Build.0 = Debug|Any CPU
		{7D281E81-4F82-4688-A387-9E7C72486D89}.Release|Any CPU.ActiveCfg = Release|Any CPU
		{7D281E81-4F82-4688-A387-9E7C72486D89}.Release|Any CPU.Build.0 = Release|Any CPU
		{22A4D0A6-3F8E-4493-9527-A1DEC55DC32B}.Debug|Any CPU.ActiveCfg = Debug|Any CPU
		{22A4D0A6-3F8E-4493-9527-A1DEC55DC32B}.Debug|Any CPU.Build.0 = Debug|Any CPU
		{22A4D0A6-3F8E-4493-9527-A1DEC55DC32B}.Release|Any CPU.ActiveCfg = Release|Any CPU
		{22A4D0A6-3F8E-4493-9527-A1DEC55DC32B}.Release|Any CPU.Build.0 = Release|Any CPU
		{A74980B7-681F-4CDC-80C6-2C8B3D939F65}.Debug|Any CPU.ActiveCfg = Debug|Any CPU
		{A74980B7-681F-4CDC-80C6-2C8B3D939F65}.Debug|Any CPU.Build.0 = Debug|Any CPU
		{A74980B7-681F-4CDC-80C6-2C8B3D939F65}.Release|Any CPU.ActiveCfg = Release|Any CPU
		{A74980B7-681F-4CDC-80C6-2C8B3D939F65}.Release|Any CPU.Build.0 = Release|Any CPU
	EndGlobalSection
	GlobalSection(SolutionProperties) = preSolution
		HideSolutionNode = FALSE
	EndGlobalSection
	GlobalSection(ExtensibilityGlobals) = postSolution
		SolutionGuid = {AFCC837F-1C27-4E15-9E9A-E566D0EFD847}
	EndGlobalSection
EndGlobal
