
Microsoft Visual Studio Solution File, Format Version 12.00
# Visual Studio 15
VisualStudioVersion = 15.0.28307.757
MinimumVisualStudioVersion = 10.0.40219.1
Project("{FAE04EC0-301F-11D3-BF4B-00C04F79EFBC}") = "Try-catch prueba", "Try-catch prueba\Try-catch prueba.csproj", "{B014837A-918F-4884-B3F0-E9132437507B}"
EndProject
Global
	GlobalSection(SolutionConfigurationPlatforms) = preSolution
		Debug|Any CPU = Debug|Any CPU
		Release|Any CPU = Release|Any CPU
	EndGlobalSection
	GlobalSection(ProjectConfigurationPlatforms) = postSolution
		{B014837A-918F-4884-B3F0-E9132437507B}.Debug|Any CPU.ActiveCfg = Debug|Any CPU
		{B014837A-918F-4884-B3F0-E9132437507B}.Debug|Any CPU.Build.0 = Debug|Any CPU
		{B014837A-918F-4884-B3F0-E9132437507B}.Release|Any CPU.ActiveCfg = Release|Any CPU
		{B014837A-918F-4884-B3F0-E9132437507B}.Release|Any CPU.Build.0 = Release|Any CPU
	EndGlobalSection
	GlobalSection(SolutionProperties) = preSolution
		HideSolutionNode = FALSE
	EndGlobalSection
	GlobalSection(ExtensibilityGlobals) = postSolution
		SolutionGuid = {FC4FFA1D-81E3-4559-8F14-1C6465DE53E2}
	EndGlobalSection
EndGlobal
