
Microsoft Visual Studio Solution File, Format Version 12.00
# Visual Studio 15
VisualStudioVersion = 15.0.27703.2047
MinimumVisualStudioVersion = 10.0.40219.1
Project("{FAE04EC0-301F-11D3-BF4B-00C04F79EFBC}") = "Entidades", "Entidades\Entidades.csproj", "{9E865483-C09E-4530-BA08-2E2A8B2D64CF}"
EndProject
Project("{FAE04EC0-301F-11D3-BF4B-00C04F79EFBC}") = "VistaConsola", "VistaConsola\VistaConsola.csproj", "{8DB29D5F-A2C4-465B-8129-E67AF5FB6705}"
EndProject
Project("{FAE04EC0-301F-11D3-BF4B-00C04F79EFBC}") = "VistaForm", "VistaForm\VistaForm.csproj", "{7C5B83B9-A4BB-4615-B632-5003C4AA8874}"
EndProject
Global
	GlobalSection(SolutionConfigurationPlatforms) = preSolution
		Debug|Any CPU = Debug|Any CPU
		Release|Any CPU = Release|Any CPU
	EndGlobalSection
	GlobalSection(ProjectConfigurationPlatforms) = postSolution
		{9E865483-C09E-4530-BA08-2E2A8B2D64CF}.Debug|Any CPU.ActiveCfg = Debug|Any CPU
		{9E865483-C09E-4530-BA08-2E2A8B2D64CF}.Debug|Any CPU.Build.0 = Debug|Any CPU
		{9E865483-C09E-4530-BA08-2E2A8B2D64CF}.Release|Any CPU.ActiveCfg = Release|Any CPU
		{9E865483-C09E-4530-BA08-2E2A8B2D64CF}.Release|Any CPU.Build.0 = Release|Any CPU
		{8DB29D5F-A2C4-465B-8129-E67AF5FB6705}.Debug|Any CPU.ActiveCfg = Debug|Any CPU
		{8DB29D5F-A2C4-465B-8129-E67AF5FB6705}.Debug|Any CPU.Build.0 = Debug|Any CPU
		{8DB29D5F-A2C4-465B-8129-E67AF5FB6705}.Release|Any CPU.ActiveCfg = Release|Any CPU
		{8DB29D5F-A2C4-465B-8129-E67AF5FB6705}.Release|Any CPU.Build.0 = Release|Any CPU
		{7C5B83B9-A4BB-4615-B632-5003C4AA8874}.Debug|Any CPU.ActiveCfg = Debug|Any CPU
		{7C5B83B9-A4BB-4615-B632-5003C4AA8874}.Debug|Any CPU.Build.0 = Debug|Any CPU
		{7C5B83B9-A4BB-4615-B632-5003C4AA8874}.Release|Any CPU.ActiveCfg = Release|Any CPU
		{7C5B83B9-A4BB-4615-B632-5003C4AA8874}.Release|Any CPU.Build.0 = Release|Any CPU
	EndGlobalSection
	GlobalSection(SolutionProperties) = preSolution
		HideSolutionNode = FALSE
	EndGlobalSection
	GlobalSection(ExtensibilityGlobals) = postSolution
		SolutionGuid = {00FD59E0-2167-41E9-B8EB-3895073939B5}
	EndGlobalSection
EndGlobal
