
Microsoft Visual Studio Solution File, Format Version 12.00
# Visual Studio 15
VisualStudioVersion = 15.0.27703.2047
MinimumVisualStudioVersion = 10.0.40219.1
Project("{FAE04EC0-301F-11D3-BF4B-00C04F79EFBC}") = "Ejercicio 02", "Ejercicio 02\Ejercicio 02.csproj", "{00EA9B90-79EF-49B9-9E7B-C43B8006FB06}"
EndProject
Project("{FAE04EC0-301F-11D3-BF4B-00C04F79EFBC}") = "Ejercicio 03", "Ejercicio 03\Ejercicio 03.csproj", "{5F185A64-2C6D-4B4B-8C45-CC0AA9B0452D}"
EndProject
Project("{FAE04EC0-301F-11D3-BF4B-00C04F79EFBC}") = "Ejercicio 04", "Ejercicio 04\Ejercicio 04.csproj", "{FD9A3E77-9623-47E9-AF6A-D03410331112}"
EndProject
Project("{FAE04EC0-301F-11D3-BF4B-00C04F79EFBC}") = "Ejercicio 05", "Ejercicio 05\Ejercicio 05.csproj", "{CE2FC3E1-626F-417D-9369-EEE9C6B6E632}"
EndProject
Project("{FAE04EC0-301F-11D3-BF4B-00C04F79EFBC}") = "Ejercicio 06", "Ejercicio 06\Ejercicio 06.csproj", "{6CB65D7D-C9D5-4660-9181-B417F24B09E1}"
EndProject
Project("{FAE04EC0-301F-11D3-BF4B-00C04F79EFBC}") = "Ejercicio 09", "Ejercicio 09\Ejercicio 09.csproj", "{69DC67B4-A8F9-4254-B02B-7F04E02C3E27}"
EndProject
Project("{FAE04EC0-301F-11D3-BF4B-00C04F79EFBC}") = "Ejercicio 10", "Ejercicio 10\Ejercicio 10.csproj", "{0CABEAED-E9AB-44B1-A3B4-F02931BE7E8C}"
EndProject
Project("{FAE04EC0-301F-11D3-BF4B-00C04F79EFBC}") = "Ejercicio 08", "Ejercicio 08\Ejercicio 08.csproj", "{9FD7F5A6-711D-4B74-8508-160342C6C729}"
EndProject
Project("{FAE04EC0-301F-11D3-BF4B-00C04F79EFBC}") = "Ejercicio 07", "Ejercicio 07\Ejercicio 07.csproj", "{DAE927A2-717E-4B61-8724-B20DE79AC48C}"
EndProject
Project("{FAE04EC0-301F-11D3-BF4B-00C04F79EFBC}") = "Ejercicio 01", "Ejercicio 01\Ejercicio 01.csproj", "{5672FB3C-0971-4349-AC0C-270934C8F0A5}"
EndProject
Project("{FAE04EC0-301F-11D3-BF4B-00C04F79EFBC}") = "Ejercicio 11", "Ejercicio 11\Ejercicio 11.csproj", "{32244FCA-23E1-4E4B-B44B-F5661F6C28D6}"
EndProject
Project("{FAE04EC0-301F-11D3-BF4B-00C04F79EFBC}") = "Ejercicio 12", "Ejercicio 12\Ejercicio 12.csproj", "{0B71BCF2-160A-40E8-AEE3-925D9BD3B3BA}"
EndProject
Project("{FAE04EC0-301F-11D3-BF4B-00C04F79EFBC}") = "Ejercicio 13", "Ejercicio 13\Ejercicio 13.csproj", "{6AE1DE26-4D90-452F-8FF2-7EB7DD3A2977}"
EndProject
Project("{FAE04EC0-301F-11D3-BF4B-00C04F79EFBC}") = "Ejercicio 14", "Ejercicio 14\Ejercicio 14.csproj", "{38924AF6-B372-4AAA-88B0-2D3ADB58927E}"
EndProject
Project("{FAE04EC0-301F-11D3-BF4B-00C04F79EFBC}") = "Ejercicio 15", "Ejercicio 15\Ejercicio 15.csproj", "{7D969D17-9948-4554-9FF3-9DC701504C87}"
EndProject
Project("{FAE04EC0-301F-11D3-BF4B-00C04F79EFBC}") = "Ejercicio 16", "Ejercicio 16\Ejercicio 16.csproj", "{F558CDDB-D7D8-4A5E-987F-F95FAC0FEA77}"
EndProject
Project("{FAE04EC0-301F-11D3-BF4B-00C04F79EFBC}") = "Ejercicio 17", "Ejercicio 17\Ejercicio 17.csproj", "{B3BBE549-F643-451E-A28D-8FA7B4F3CE83}"
EndProject
Project("{FAE04EC0-301F-11D3-BF4B-00C04F79EFBC}") = "Ejercicio 18", "Ejercicio 18\Ejercicio 18.csproj", "{146AE6FD-F21D-473A-8493-04873BD1C0FC}"
EndProject
Project("{FAE04EC0-301F-11D3-BF4B-00C04F79EFBC}") = "Ejercicio 19", "Ejercicio 19\Ejercicio 19.csproj", "{A78BF2F9-7CAD-43DC-AC89-AC15556B72AB}"
EndProject
Project("{FAE04EC0-301F-11D3-BF4B-00C04F79EFBC}") = "Ejercicio 20", "Ejercicio 20\Ejercicio 20.csproj", "{3DF52CD2-341C-4B7F-951B-AE60A83827BC}"
EndProject
Project("{FAE04EC0-301F-11D3-BF4B-00C04F79EFBC}") = "Ejercicio 21", "Ejercicio 21\Ejercicio 21.csproj", "{C22DC79E-B1C8-436F-A082-FF936C0E7625}"
EndProject
Project("{FAE04EC0-301F-11D3-BF4B-00C04F79EFBC}") = "Ejercicio 22", "Ejercicio 22\Ejercicio 22.csproj", "{E5CE1438-2903-4C43-B4E0-28C9C2A74EB1}"
EndProject
Project("{FAE04EC0-301F-11D3-BF4B-00C04F79EFBC}") = "Ejercicio 26.cs", "Ejercicio 26.cs\Ejercicio 26.cs.csproj", "{16360B2F-4820-4805-A945-A45329CBCD56}"
EndProject
Project("{FAE04EC0-301F-11D3-BF4B-00C04F79EFBC}") = "Ejercicio 27", "Ejercicio 27\Ejercicio 27.csproj", "{022660D6-3E90-45BD-A2A6-5F14D3EBA6B6}"
EndProject
Project("{FAE04EC0-301F-11D3-BF4B-00C04F79EFBC}") = "Ejercicio 28", "Ejercicio 28\Ejercicio 28.csproj", "{4536A765-CEC4-46E7-8147-69DE36AA0E2A}"
EndProject
Project("{FAE04EC0-301F-11D3-BF4B-00C04F79EFBC}") = "Ejercicio Clase 5", "Ejercicio Clase 5\Ejercicio Clase 5.csproj", "{DCE4C491-4D9E-4407-A4DC-441CF243182A}"
EndProject
Project("{FAE04EC0-301F-11D3-BF4B-00C04F79EFBC}") = "Ejercicio 23", "Ejercicio 23\Ejercicio 23.csproj", "{3A9D11C1-C376-466B-ACEC-BAA2F0773BF1}"
EndProject
Project("{FAE04EC0-301F-11D3-BF4B-00C04F79EFBC}") = "Ejercicio 25", "Ejercicio 25\Ejercicio 25.csproj", "{62F713F1-3F23-419B-9406-DE1D3A94D7F2}"
EndProject
Project("{FAE04EC0-301F-11D3-BF4B-00C04F79EFBC}") = "Ejercicio 24", "Ejercicio 24\Ejercicio 24.csproj", "{C445D8B8-ECF0-46DF-BACB-14B1827A6B74}"
EndProject
Project("{FAE04EC0-301F-11D3-BF4B-00C04F79EFBC}") = "Ejercicio 29", "Ejercicio 29\Ejercicio 29.csproj", "{3EB76390-4E6E-40F9-9261-D0D1ED023A45}"
EndProject
Project("{FAE04EC0-301F-11D3-BF4B-00C04F79EFBC}") = "Ejercicio 30", "Ejercicio 30\Ejercicio 30.csproj", "{595B582C-D1C0-4855-9084-143E4C4B3738}"
EndProject
Project("{FAE04EC0-301F-11D3-BF4B-00C04F79EFBC}") = "Ejercicio 33", "Ejercicio 33\Ejercicio 33.csproj", "{DBB561C7-A598-4A4D-A2FA-46462A9428B9}"
EndProject
Project("{FAE04EC0-301F-11D3-BF4B-00C04F79EFBC}") = "Ejercicio 32", "Ejercicio 32\Ejercicio 32.csproj", "{40BAEB27-B635-46E5-AFE8-671D560A2827}"
EndProject
Project("{FAE04EC0-301F-11D3-BF4B-00C04F79EFBC}") = "Ejercicio 31", "Ejercicio 31\Ejercicio 31.csproj", "{DB434479-DF93-4D2E-80BF-8722A26EAFB9}"
EndProject
Project("{FAE04EC0-301F-11D3-BF4B-00C04F79EFBC}") = "Ejercicio 34", "Ejercicio 34\Ejercicio 34.csproj", "{F7CF8AB5-18B9-49AF-B673-990926898C1B}"
EndProject
Project("{FAE04EC0-301F-11D3-BF4B-00C04F79EFBC}") = "Ejercicio 35", "Ejercicio 35\Ejercicio 35.csproj", "{C7CA4219-343A-43C3-ACC0-2AD2B6E4314B}"
EndProject
Project("{FAE04EC0-301F-11D3-BF4B-00C04F79EFBC}") = "Ejercicio 36", "Ejercicio 36\Ejercicio 36.csproj", "{D3DDA906-A77E-432C-BB98-0C7D8165AC05}"
EndProject
Project("{FAE04EC0-301F-11D3-BF4B-00C04F79EFBC}") = "Ejercicio 37", "Ejercicio 37\Ejercicio 37.csproj", "{2DFAB0A0-FE9F-4C15-9844-C12E02483D98}"
EndProject
Project("{FAE04EC0-301F-11D3-BF4B-00C04F79EFBC}") = "Ejercicio 38", "Ejercicio 38\Ejercicio 38.csproj", "{612E2D37-2B3E-4F8C-910E-DB308BE280C2}"
EndProject
Project("{FAE04EC0-301F-11D3-BF4B-00C04F79EFBC}") = "Ejercicio 39", "Ejercicio 39\Ejercicio 39.csproj", "{A591DD53-F912-4EFB-9E93-10CB08D2E3BA}"
EndProject
Project("{FAE04EC0-301F-11D3-BF4B-00C04F79EFBC}") = "Ejercicio 40", "Ejercicio 40\Ejercicio 40.csproj", "{F9E85382-AC38-473A-A3EB-9AF2FB3C5CF4}"
EndProject
Project("{FAE04EC0-301F-11D3-BF4B-00C04F79EFBC}") = "Ejercicio 41", "Ejercicio 41\Ejercicio 41.csproj", "{8A911A5E-F05F-4EC2-AE90-A3B26F16A18F}"
EndProject
Project("{FAE04EC0-301F-11D3-BF4B-00C04F79EFBC}") = "Ejercicio 42", "Ejercicio 42\Ejercicio 42.csproj", "{4030F7EC-1D4E-48D7-A143-00281E513D1B}"
EndProject
Project("{FAE04EC0-301F-11D3-BF4B-00C04F79EFBC}") = "Ejercicio 43", "Ejercicio 43\Ejercicio 43.csproj", "{FC87E7E3-D919-4FB1-A9D1-026F16E9A678}"
EndProject
Project("{FAE04EC0-301F-11D3-BF4B-00C04F79EFBC}") = "Ejercicio 56", "Ejercicio 56\Ejercicio 56.csproj", "{97160FCC-8F0A-4D27-941D-7C13938A3972}"
EndProject
Project("{FAE04EC0-301F-11D3-BF4B-00C04F79EFBC}") = "Ejercicio 57", "Ejercicio 57\Ejercicio 57.csproj", "{01C9BCAE-F2D7-4F40-8D4E-D027B2D604EA}"
EndProject
Project("{FAE04EC0-301F-11D3-BF4B-00C04F79EFBC}") = "Ejercicio 60", "Ejercicio 60\Ejercicio 60.csproj", "{49E39040-64F3-4E41-8C7F-76847111F1A9}"
EndProject
Global
	GlobalSection(SolutionConfigurationPlatforms) = preSolution
		Debug|Any CPU = Debug|Any CPU
		Release|Any CPU = Release|Any CPU
	EndGlobalSection
	GlobalSection(ProjectConfigurationPlatforms) = postSolution
		{00EA9B90-79EF-49B9-9E7B-C43B8006FB06}.Debug|Any CPU.ActiveCfg = Debug|Any CPU
		{00EA9B90-79EF-49B9-9E7B-C43B8006FB06}.Debug|Any CPU.Build.0 = Debug|Any CPU
		{00EA9B90-79EF-49B9-9E7B-C43B8006FB06}.Release|Any CPU.ActiveCfg = Release|Any CPU
		{00EA9B90-79EF-49B9-9E7B-C43B8006FB06}.Release|Any CPU.Build.0 = Release|Any CPU
		{5F185A64-2C6D-4B4B-8C45-CC0AA9B0452D}.Debug|Any CPU.ActiveCfg = Debug|Any CPU
		{5F185A64-2C6D-4B4B-8C45-CC0AA9B0452D}.Debug|Any CPU.Build.0 = Debug|Any CPU
		{5F185A64-2C6D-4B4B-8C45-CC0AA9B0452D}.Release|Any CPU.ActiveCfg = Release|Any CPU
		{5F185A64-2C6D-4B4B-8C45-CC0AA9B0452D}.Release|Any CPU.Build.0 = Release|Any CPU
		{FD9A3E77-9623-47E9-AF6A-D03410331112}.Debug|Any CPU.ActiveCfg = Debug|Any CPU
		{FD9A3E77-9623-47E9-AF6A-D03410331112}.Debug|Any CPU.Build.0 = Debug|Any CPU
		{FD9A3E77-9623-47E9-AF6A-D03410331112}.Release|Any CPU.ActiveCfg = Release|Any CPU
		{FD9A3E77-9623-47E9-AF6A-D03410331112}.Release|Any CPU.Build.0 = Release|Any CPU
		{CE2FC3E1-626F-417D-9369-EEE9C6B6E632}.Debug|Any CPU.ActiveCfg = Debug|Any CPU
		{CE2FC3E1-626F-417D-9369-EEE9C6B6E632}.Debug|Any CPU.Build.0 = Debug|Any CPU
		{CE2FC3E1-626F-417D-9369-EEE9C6B6E632}.Release|Any CPU.ActiveCfg = Release|Any CPU
		{CE2FC3E1-626F-417D-9369-EEE9C6B6E632}.Release|Any CPU.Build.0 = Release|Any CPU
		{6CB65D7D-C9D5-4660-9181-B417F24B09E1}.Debug|Any CPU.ActiveCfg = Debug|Any CPU
		{6CB65D7D-C9D5-4660-9181-B417F24B09E1}.Debug|Any CPU.Build.0 = Debug|Any CPU
		{6CB65D7D-C9D5-4660-9181-B417F24B09E1}.Release|Any CPU.ActiveCfg = Release|Any CPU
		{6CB65D7D-C9D5-4660-9181-B417F24B09E1}.Release|Any CPU.Build.0 = Release|Any CPU
		{69DC67B4-A8F9-4254-B02B-7F04E02C3E27}.Debug|Any CPU.ActiveCfg = Debug|Any CPU
		{69DC67B4-A8F9-4254-B02B-7F04E02C3E27}.Debug|Any CPU.Build.0 = Debug|Any CPU
		{69DC67B4-A8F9-4254-B02B-7F04E02C3E27}.Release|Any CPU.ActiveCfg = Release|Any CPU
		{69DC67B4-A8F9-4254-B02B-7F04E02C3E27}.Release|Any CPU.Build.0 = Release|Any CPU
		{0CABEAED-E9AB-44B1-A3B4-F02931BE7E8C}.Debug|Any CPU.ActiveCfg = Debug|Any CPU
		{0CABEAED-E9AB-44B1-A3B4-F02931BE7E8C}.Debug|Any CPU.Build.0 = Debug|Any CPU
		{0CABEAED-E9AB-44B1-A3B4-F02931BE7E8C}.Release|Any CPU.ActiveCfg = Release|Any CPU
		{0CABEAED-E9AB-44B1-A3B4-F02931BE7E8C}.Release|Any CPU.Build.0 = Release|Any CPU
		{9FD7F5A6-711D-4B74-8508-160342C6C729}.Debug|Any CPU.ActiveCfg = Debug|Any CPU
		{9FD7F5A6-711D-4B74-8508-160342C6C729}.Debug|Any CPU.Build.0 = Debug|Any CPU
		{9FD7F5A6-711D-4B74-8508-160342C6C729}.Release|Any CPU.ActiveCfg = Release|Any CPU
		{9FD7F5A6-711D-4B74-8508-160342C6C729}.Release|Any CPU.Build.0 = Release|Any CPU
		{DAE927A2-717E-4B61-8724-B20DE79AC48C}.Debug|Any CPU.ActiveCfg = Debug|Any CPU
		{DAE927A2-717E-4B61-8724-B20DE79AC48C}.Debug|Any CPU.Build.0 = Debug|Any CPU
		{DAE927A2-717E-4B61-8724-B20DE79AC48C}.Release|Any CPU.ActiveCfg = Release|Any CPU
		{DAE927A2-717E-4B61-8724-B20DE79AC48C}.Release|Any CPU.Build.0 = Release|Any CPU
		{5672FB3C-0971-4349-AC0C-270934C8F0A5}.Debug|Any CPU.ActiveCfg = Debug|Any CPU
		{5672FB3C-0971-4349-AC0C-270934C8F0A5}.Debug|Any CPU.Build.0 = Debug|Any CPU
		{5672FB3C-0971-4349-AC0C-270934C8F0A5}.Release|Any CPU.ActiveCfg = Release|Any CPU
		{5672FB3C-0971-4349-AC0C-270934C8F0A5}.Release|Any CPU.Build.0 = Release|Any CPU
		{32244FCA-23E1-4E4B-B44B-F5661F6C28D6}.Debug|Any CPU.ActiveCfg = Debug|Any CPU
		{32244FCA-23E1-4E4B-B44B-F5661F6C28D6}.Debug|Any CPU.Build.0 = Debug|Any CPU
		{32244FCA-23E1-4E4B-B44B-F5661F6C28D6}.Release|Any CPU.ActiveCfg = Release|Any CPU
		{32244FCA-23E1-4E4B-B44B-F5661F6C28D6}.Release|Any CPU.Build.0 = Release|Any CPU
		{0B71BCF2-160A-40E8-AEE3-925D9BD3B3BA}.Debug|Any CPU.ActiveCfg = Debug|Any CPU
		{0B71BCF2-160A-40E8-AEE3-925D9BD3B3BA}.Debug|Any CPU.Build.0 = Debug|Any CPU
		{0B71BCF2-160A-40E8-AEE3-925D9BD3B3BA}.Release|Any CPU.ActiveCfg = Release|Any CPU
		{0B71BCF2-160A-40E8-AEE3-925D9BD3B3BA}.Release|Any CPU.Build.0 = Release|Any CPU
		{6AE1DE26-4D90-452F-8FF2-7EB7DD3A2977}.Debug|Any CPU.ActiveCfg = Debug|Any CPU
		{6AE1DE26-4D90-452F-8FF2-7EB7DD3A2977}.Debug|Any CPU.Build.0 = Debug|Any CPU
		{6AE1DE26-4D90-452F-8FF2-7EB7DD3A2977}.Release|Any CPU.ActiveCfg = Release|Any CPU
		{6AE1DE26-4D90-452F-8FF2-7EB7DD3A2977}.Release|Any CPU.Build.0 = Release|Any CPU
		{38924AF6-B372-4AAA-88B0-2D3ADB58927E}.Debug|Any CPU.ActiveCfg = Debug|Any CPU
		{38924AF6-B372-4AAA-88B0-2D3ADB58927E}.Debug|Any CPU.Build.0 = Debug|Any CPU
		{38924AF6-B372-4AAA-88B0-2D3ADB58927E}.Release|Any CPU.ActiveCfg = Release|Any CPU
		{38924AF6-B372-4AAA-88B0-2D3ADB58927E}.Release|Any CPU.Build.0 = Release|Any CPU
		{7D969D17-9948-4554-9FF3-9DC701504C87}.Debug|Any CPU.ActiveCfg = Debug|Any CPU
		{7D969D17-9948-4554-9FF3-9DC701504C87}.Debug|Any CPU.Build.0 = Debug|Any CPU
		{7D969D17-9948-4554-9FF3-9DC701504C87}.Release|Any CPU.ActiveCfg = Release|Any CPU
		{7D969D17-9948-4554-9FF3-9DC701504C87}.Release|Any CPU.Build.0 = Release|Any CPU
		{F558CDDB-D7D8-4A5E-987F-F95FAC0FEA77}.Debug|Any CPU.ActiveCfg = Debug|Any CPU
		{F558CDDB-D7D8-4A5E-987F-F95FAC0FEA77}.Debug|Any CPU.Build.0 = Debug|Any CPU
		{F558CDDB-D7D8-4A5E-987F-F95FAC0FEA77}.Release|Any CPU.ActiveCfg = Release|Any CPU
		{F558CDDB-D7D8-4A5E-987F-F95FAC0FEA77}.Release|Any CPU.Build.0 = Release|Any CPU
		{B3BBE549-F643-451E-A28D-8FA7B4F3CE83}.Debug|Any CPU.ActiveCfg = Debug|Any CPU
		{B3BBE549-F643-451E-A28D-8FA7B4F3CE83}.Debug|Any CPU.Build.0 = Debug|Any CPU
		{B3BBE549-F643-451E-A28D-8FA7B4F3CE83}.Release|Any CPU.ActiveCfg = Release|Any CPU
		{B3BBE549-F643-451E-A28D-8FA7B4F3CE83}.Release|Any CPU.Build.0 = Release|Any CPU
		{146AE6FD-F21D-473A-8493-04873BD1C0FC}.Debug|Any CPU.ActiveCfg = Debug|Any CPU
		{146AE6FD-F21D-473A-8493-04873BD1C0FC}.Debug|Any CPU.Build.0 = Debug|Any CPU
		{146AE6FD-F21D-473A-8493-04873BD1C0FC}.Release|Any CPU.ActiveCfg = Release|Any CPU
		{146AE6FD-F21D-473A-8493-04873BD1C0FC}.Release|Any CPU.Build.0 = Release|Any CPU
		{A78BF2F9-7CAD-43DC-AC89-AC15556B72AB}.Debug|Any CPU.ActiveCfg = Debug|Any CPU
		{A78BF2F9-7CAD-43DC-AC89-AC15556B72AB}.Debug|Any CPU.Build.0 = Debug|Any CPU
		{A78BF2F9-7CAD-43DC-AC89-AC15556B72AB}.Release|Any CPU.ActiveCfg = Release|Any CPU
		{A78BF2F9-7CAD-43DC-AC89-AC15556B72AB}.Release|Any CPU.Build.0 = Release|Any CPU
		{3DF52CD2-341C-4B7F-951B-AE60A83827BC}.Debug|Any CPU.ActiveCfg = Debug|Any CPU
		{3DF52CD2-341C-4B7F-951B-AE60A83827BC}.Debug|Any CPU.Build.0 = Debug|Any CPU
		{3DF52CD2-341C-4B7F-951B-AE60A83827BC}.Release|Any CPU.ActiveCfg = Release|Any CPU
		{3DF52CD2-341C-4B7F-951B-AE60A83827BC}.Release|Any CPU.Build.0 = Release|Any CPU
		{C22DC79E-B1C8-436F-A082-FF936C0E7625}.Debug|Any CPU.ActiveCfg = Debug|Any CPU
		{C22DC79E-B1C8-436F-A082-FF936C0E7625}.Debug|Any CPU.Build.0 = Debug|Any CPU
		{C22DC79E-B1C8-436F-A082-FF936C0E7625}.Release|Any CPU.ActiveCfg = Release|Any CPU
		{C22DC79E-B1C8-436F-A082-FF936C0E7625}.Release|Any CPU.Build.0 = Release|Any CPU
		{E5CE1438-2903-4C43-B4E0-28C9C2A74EB1}.Debug|Any CPU.ActiveCfg = Debug|Any CPU
		{E5CE1438-2903-4C43-B4E0-28C9C2A74EB1}.Debug|Any CPU.Build.0 = Debug|Any CPU
		{E5CE1438-2903-4C43-B4E0-28C9C2A74EB1}.Release|Any CPU.ActiveCfg = Release|Any CPU
		{E5CE1438-2903-4C43-B4E0-28C9C2A74EB1}.Release|Any CPU.Build.0 = Release|Any CPU
		{16360B2F-4820-4805-A945-A45329CBCD56}.Debug|Any CPU.ActiveCfg = Debug|Any CPU
		{16360B2F-4820-4805-A945-A45329CBCD56}.Debug|Any CPU.Build.0 = Debug|Any CPU
		{16360B2F-4820-4805-A945-A45329CBCD56}.Release|Any CPU.ActiveCfg = Release|Any CPU
		{16360B2F-4820-4805-A945-A45329CBCD56}.Release|Any CPU.Build.0 = Release|Any CPU
		{022660D6-3E90-45BD-A2A6-5F14D3EBA6B6}.Debug|Any CPU.ActiveCfg = Debug|Any CPU
		{022660D6-3E90-45BD-A2A6-5F14D3EBA6B6}.Debug|Any CPU.Build.0 = Debug|Any CPU
		{022660D6-3E90-45BD-A2A6-5F14D3EBA6B6}.Release|Any CPU.ActiveCfg = Release|Any CPU
		{022660D6-3E90-45BD-A2A6-5F14D3EBA6B6}.Release|Any CPU.Build.0 = Release|Any CPU
		{4536A765-CEC4-46E7-8147-69DE36AA0E2A}.Debug|Any CPU.ActiveCfg = Debug|Any CPU
		{4536A765-CEC4-46E7-8147-69DE36AA0E2A}.Debug|Any CPU.Build.0 = Debug|Any CPU
		{4536A765-CEC4-46E7-8147-69DE36AA0E2A}.Release|Any CPU.ActiveCfg = Release|Any CPU
		{4536A765-CEC4-46E7-8147-69DE36AA0E2A}.Release|Any CPU.Build.0 = Release|Any CPU
		{DCE4C491-4D9E-4407-A4DC-441CF243182A}.Debug|Any CPU.ActiveCfg = Debug|Any CPU
		{DCE4C491-4D9E-4407-A4DC-441CF243182A}.Debug|Any CPU.Build.0 = Debug|Any CPU
		{DCE4C491-4D9E-4407-A4DC-441CF243182A}.Release|Any CPU.ActiveCfg = Release|Any CPU
		{DCE4C491-4D9E-4407-A4DC-441CF243182A}.Release|Any CPU.Build.0 = Release|Any CPU
		{3A9D11C1-C376-466B-ACEC-BAA2F0773BF1}.Debug|Any CPU.ActiveCfg = Debug|Any CPU
		{3A9D11C1-C376-466B-ACEC-BAA2F0773BF1}.Debug|Any CPU.Build.0 = Debug|Any CPU
		{3A9D11C1-C376-466B-ACEC-BAA2F0773BF1}.Release|Any CPU.ActiveCfg = Release|Any CPU
		{3A9D11C1-C376-466B-ACEC-BAA2F0773BF1}.Release|Any CPU.Build.0 = Release|Any CPU
		{62F713F1-3F23-419B-9406-DE1D3A94D7F2}.Debug|Any CPU.ActiveCfg = Debug|Any CPU
		{62F713F1-3F23-419B-9406-DE1D3A94D7F2}.Debug|Any CPU.Build.0 = Debug|Any CPU
		{62F713F1-3F23-419B-9406-DE1D3A94D7F2}.Release|Any CPU.ActiveCfg = Release|Any CPU
		{62F713F1-3F23-419B-9406-DE1D3A94D7F2}.Release|Any CPU.Build.0 = Release|Any CPU
		{C445D8B8-ECF0-46DF-BACB-14B1827A6B74}.Debug|Any CPU.ActiveCfg = Debug|Any CPU
		{C445D8B8-ECF0-46DF-BACB-14B1827A6B74}.Debug|Any CPU.Build.0 = Debug|Any CPU
		{C445D8B8-ECF0-46DF-BACB-14B1827A6B74}.Release|Any CPU.ActiveCfg = Release|Any CPU
		{C445D8B8-ECF0-46DF-BACB-14B1827A6B74}.Release|Any CPU.Build.0 = Release|Any CPU
		{3EB76390-4E6E-40F9-9261-D0D1ED023A45}.Debug|Any CPU.ActiveCfg = Debug|Any CPU
		{3EB76390-4E6E-40F9-9261-D0D1ED023A45}.Debug|Any CPU.Build.0 = Debug|Any CPU
		{3EB76390-4E6E-40F9-9261-D0D1ED023A45}.Release|Any CPU.ActiveCfg = Release|Any CPU
		{3EB76390-4E6E-40F9-9261-D0D1ED023A45}.Release|Any CPU.Build.0 = Release|Any CPU
		{595B582C-D1C0-4855-9084-143E4C4B3738}.Debug|Any CPU.ActiveCfg = Debug|Any CPU
		{595B582C-D1C0-4855-9084-143E4C4B3738}.Debug|Any CPU.Build.0 = Debug|Any CPU
		{595B582C-D1C0-4855-9084-143E4C4B3738}.Release|Any CPU.ActiveCfg = Release|Any CPU
		{595B582C-D1C0-4855-9084-143E4C4B3738}.Release|Any CPU.Build.0 = Release|Any CPU
		{DBB561C7-A598-4A4D-A2FA-46462A9428B9}.Debug|Any CPU.ActiveCfg = Debug|Any CPU
		{DBB561C7-A598-4A4D-A2FA-46462A9428B9}.Debug|Any CPU.Build.0 = Debug|Any CPU
		{DBB561C7-A598-4A4D-A2FA-46462A9428B9}.Release|Any CPU.ActiveCfg = Release|Any CPU
		{DBB561C7-A598-4A4D-A2FA-46462A9428B9}.Release|Any CPU.Build.0 = Release|Any CPU
		{40BAEB27-B635-46E5-AFE8-671D560A2827}.Debug|Any CPU.ActiveCfg = Debug|Any CPU
		{40BAEB27-B635-46E5-AFE8-671D560A2827}.Debug|Any CPU.Build.0 = Debug|Any CPU
		{40BAEB27-B635-46E5-AFE8-671D560A2827}.Release|Any CPU.ActiveCfg = Release|Any CPU
		{40BAEB27-B635-46E5-AFE8-671D560A2827}.Release|Any CPU.Build.0 = Release|Any CPU
		{DB434479-DF93-4D2E-80BF-8722A26EAFB9}.Debug|Any CPU.ActiveCfg = Debug|Any CPU
		{DB434479-DF93-4D2E-80BF-8722A26EAFB9}.Debug|Any CPU.Build.0 = Debug|Any CPU
		{DB434479-DF93-4D2E-80BF-8722A26EAFB9}.Release|Any CPU.ActiveCfg = Release|Any CPU
		{DB434479-DF93-4D2E-80BF-8722A26EAFB9}.Release|Any CPU.Build.0 = Release|Any CPU
		{F7CF8AB5-18B9-49AF-B673-990926898C1B}.Debug|Any CPU.ActiveCfg = Debug|Any CPU
		{F7CF8AB5-18B9-49AF-B673-990926898C1B}.Debug|Any CPU.Build.0 = Debug|Any CPU
		{F7CF8AB5-18B9-49AF-B673-990926898C1B}.Release|Any CPU.ActiveCfg = Release|Any CPU
		{F7CF8AB5-18B9-49AF-B673-990926898C1B}.Release|Any CPU.Build.0 = Release|Any CPU
		{C7CA4219-343A-43C3-ACC0-2AD2B6E4314B}.Debug|Any CPU.ActiveCfg = Debug|Any CPU
		{C7CA4219-343A-43C3-ACC0-2AD2B6E4314B}.Debug|Any CPU.Build.0 = Debug|Any CPU
		{C7CA4219-343A-43C3-ACC0-2AD2B6E4314B}.Release|Any CPU.ActiveCfg = Release|Any CPU
		{C7CA4219-343A-43C3-ACC0-2AD2B6E4314B}.Release|Any CPU.Build.0 = Release|Any CPU
		{D3DDA906-A77E-432C-BB98-0C7D8165AC05}.Debug|Any CPU.ActiveCfg = Debug|Any CPU
		{D3DDA906-A77E-432C-BB98-0C7D8165AC05}.Debug|Any CPU.Build.0 = Debug|Any CPU
		{D3DDA906-A77E-432C-BB98-0C7D8165AC05}.Release|Any CPU.ActiveCfg = Release|Any CPU
		{D3DDA906-A77E-432C-BB98-0C7D8165AC05}.Release|Any CPU.Build.0 = Release|Any CPU
		{2DFAB0A0-FE9F-4C15-9844-C12E02483D98}.Debug|Any CPU.ActiveCfg = Debug|Any CPU
		{2DFAB0A0-FE9F-4C15-9844-C12E02483D98}.Debug|Any CPU.Build.0 = Debug|Any CPU
		{2DFAB0A0-FE9F-4C15-9844-C12E02483D98}.Release|Any CPU.ActiveCfg = Release|Any CPU
		{2DFAB0A0-FE9F-4C15-9844-C12E02483D98}.Release|Any CPU.Build.0 = Release|Any CPU
		{612E2D37-2B3E-4F8C-910E-DB308BE280C2}.Debug|Any CPU.ActiveCfg = Debug|Any CPU
		{612E2D37-2B3E-4F8C-910E-DB308BE280C2}.Debug|Any CPU.Build.0 = Debug|Any CPU
		{612E2D37-2B3E-4F8C-910E-DB308BE280C2}.Release|Any CPU.ActiveCfg = Release|Any CPU
		{612E2D37-2B3E-4F8C-910E-DB308BE280C2}.Release|Any CPU.Build.0 = Release|Any CPU
		{A591DD53-F912-4EFB-9E93-10CB08D2E3BA}.Debug|Any CPU.ActiveCfg = Debug|Any CPU
		{A591DD53-F912-4EFB-9E93-10CB08D2E3BA}.Debug|Any CPU.Build.0 = Debug|Any CPU
		{A591DD53-F912-4EFB-9E93-10CB08D2E3BA}.Release|Any CPU.ActiveCfg = Release|Any CPU
		{A591DD53-F912-4EFB-9E93-10CB08D2E3BA}.Release|Any CPU.Build.0 = Release|Any CPU
		{F9E85382-AC38-473A-A3EB-9AF2FB3C5CF4}.Debug|Any CPU.ActiveCfg = Debug|Any CPU
		{F9E85382-AC38-473A-A3EB-9AF2FB3C5CF4}.Debug|Any CPU.Build.0 = Debug|Any CPU
		{F9E85382-AC38-473A-A3EB-9AF2FB3C5CF4}.Release|Any CPU.ActiveCfg = Release|Any CPU
		{F9E85382-AC38-473A-A3EB-9AF2FB3C5CF4}.Release|Any CPU.Build.0 = Release|Any CPU
		{8A911A5E-F05F-4EC2-AE90-A3B26F16A18F}.Debug|Any CPU.ActiveCfg = Debug|Any CPU
		{8A911A5E-F05F-4EC2-AE90-A3B26F16A18F}.Debug|Any CPU.Build.0 = Debug|Any CPU
		{8A911A5E-F05F-4EC2-AE90-A3B26F16A18F}.Release|Any CPU.ActiveCfg = Release|Any CPU
		{8A911A5E-F05F-4EC2-AE90-A3B26F16A18F}.Release|Any CPU.Build.0 = Release|Any CPU
		{4030F7EC-1D4E-48D7-A143-00281E513D1B}.Debug|Any CPU.ActiveCfg = Debug|Any CPU
		{4030F7EC-1D4E-48D7-A143-00281E513D1B}.Debug|Any CPU.Build.0 = Debug|Any CPU
		{4030F7EC-1D4E-48D7-A143-00281E513D1B}.Release|Any CPU.ActiveCfg = Release|Any CPU
		{4030F7EC-1D4E-48D7-A143-00281E513D1B}.Release|Any CPU.Build.0 = Release|Any CPU
		{FC87E7E3-D919-4FB1-A9D1-026F16E9A678}.Debug|Any CPU.ActiveCfg = Debug|Any CPU
		{FC87E7E3-D919-4FB1-A9D1-026F16E9A678}.Debug|Any CPU.Build.0 = Debug|Any CPU
		{FC87E7E3-D919-4FB1-A9D1-026F16E9A678}.Release|Any CPU.ActiveCfg = Release|Any CPU
		{FC87E7E3-D919-4FB1-A9D1-026F16E9A678}.Release|Any CPU.Build.0 = Release|Any CPU
		{97160FCC-8F0A-4D27-941D-7C13938A3972}.Debug|Any CPU.ActiveCfg = Debug|Any CPU
		{97160FCC-8F0A-4D27-941D-7C13938A3972}.Debug|Any CPU.Build.0 = Debug|Any CPU
		{97160FCC-8F0A-4D27-941D-7C13938A3972}.Release|Any CPU.ActiveCfg = Release|Any CPU
		{97160FCC-8F0A-4D27-941D-7C13938A3972}.Release|Any CPU.Build.0 = Release|Any CPU
		{01C9BCAE-F2D7-4F40-8D4E-D027B2D604EA}.Debug|Any CPU.ActiveCfg = Debug|Any CPU
		{01C9BCAE-F2D7-4F40-8D4E-D027B2D604EA}.Debug|Any CPU.Build.0 = Debug|Any CPU
		{01C9BCAE-F2D7-4F40-8D4E-D027B2D604EA}.Release|Any CPU.ActiveCfg = Release|Any CPU
		{01C9BCAE-F2D7-4F40-8D4E-D027B2D604EA}.Release|Any CPU.Build.0 = Release|Any CPU
		{49E39040-64F3-4E41-8C7F-76847111F1A9}.Debug|Any CPU.ActiveCfg = Debug|Any CPU
		{49E39040-64F3-4E41-8C7F-76847111F1A9}.Debug|Any CPU.Build.0 = Debug|Any CPU
		{49E39040-64F3-4E41-8C7F-76847111F1A9}.Release|Any CPU.ActiveCfg = Release|Any CPU
		{49E39040-64F3-4E41-8C7F-76847111F1A9}.Release|Any CPU.Build.0 = Release|Any CPU
	EndGlobalSection
	GlobalSection(SolutionProperties) = preSolution
		HideSolutionNode = FALSE
	EndGlobalSection
	GlobalSection(ExtensibilityGlobals) = postSolution
		SolutionGuid = {B467BAA1-42D0-49D3-A827-B194C6FD8E7A}
	EndGlobalSection
EndGlobal
