
Microsoft Visual Studio Solution File, Format Version 12.00
# Visual Studio 15
VisualStudioVersion = 15.0.27703.2047
MinimumVisualStudioVersion = 10.0.40219.1
Project("{FAE04EC0-301F-11D3-BF4B-00C04F79EFBC}") = "Ejercicio 01", "Guia Ejercicios\Ejercicio 01.csproj", "{5672FB3C-0971-4349-AC0C-270934C8F0A5}"
EndProject
Project("{FAE04EC0-301F-11D3-BF4B-00C04F79EFBC}") = "Ejercicio 02", "Ejercicio 02\Ejercicio 02.csproj", "{00EA9B90-79EF-49B9-9E7B-C43B8006FB06}"
EndProject
Project("{FAE04EC0-301F-11D3-BF4B-00C04F79EFBC}") = "Ejercicio 03", "Ejercicio 03\Ejercicio 03.csproj", "{5F185A64-2C6D-4B4B-8C45-CC0AA9B0452D}"
EndProject
Project("{FAE04EC0-301F-11D3-BF4B-00C04F79EFBC}") = "Ejercicio 04", "Ejercicio 04\Ejercicio 04.csproj", "{FD9A3E77-9623-47E9-AF6A-D03410331112}"
EndProject
Project("{FAE04EC0-301F-11D3-BF4B-00C04F79EFBC}") = "Ejercicio 05", "Ejercicio 05\Ejercicio 05.csproj", "{CE2FC3E1-626F-417D-9369-EEE9C6B6E632}"
EndProject
Project("{FAE04EC0-301F-11D3-BF4B-00C04F79EFBC}") = "Ejercicio 06", "Ejercicio 06\Ejercicio 06.csproj", "{6CB65D7D-C9D5-4660-9181-B417F24B09E1}"
EndProject
Project("{FAE04EC0-301F-11D3-BF4B-00C04F79EFBC}") = "Ejercicio 09", "Ejercicio 09\Ejercicio 09.csproj", "{69DC67B4-A8F9-4254-B02B-7F04E02C3E27}"
EndProject
Project("{FAE04EC0-301F-11D3-BF4B-00C04F79EFBC}") = "Ejercicio 10", "Ejercicio 10\Ejercicio 10.csproj", "{0CABEAED-E9AB-44B1-A3B4-F02931BE7E8C}"
EndProject
Project("{FAE04EC0-301F-11D3-BF4B-00C04F79EFBC}") = "Ejercicio 08", "Ejercicio 08\Ejercicio 08.csproj", "{9FD7F5A6-711D-4B74-8508-160342C6C729}"
EndProject
Project("{FAE04EC0-301F-11D3-BF4B-00C04F79EFBC}") = "Ejercicio 07", "Ejercicio 07\Ejercicio 07.csproj", "{DAE927A2-717E-4B61-8724-B20DE79AC48C}"
EndProject
Global
	GlobalSection(SolutionConfigurationPlatforms) = preSolution
		Debug|Any CPU = Debug|Any CPU
		Release|Any CPU = Release|Any CPU
	EndGlobalSection
	GlobalSection(ProjectConfigurationPlatforms) = postSolution
		{5672FB3C-0971-4349-AC0C-270934C8F0A5}.Debug|Any CPU.ActiveCfg = Debug|Any CPU
		{5672FB3C-0971-4349-AC0C-270934C8F0A5}.Debug|Any CPU.Build.0 = Debug|Any CPU
		{5672FB3C-0971-4349-AC0C-270934C8F0A5}.Release|Any CPU.ActiveCfg = Release|Any CPU
		{5672FB3C-0971-4349-AC0C-270934C8F0A5}.Release|Any CPU.Build.0 = Release|Any CPU
		{00EA9B90-79EF-49B9-9E7B-C43B8006FB06}.Debug|Any CPU.ActiveCfg = Debug|Any CPU
		{00EA9B90-79EF-49B9-9E7B-C43B8006FB06}.Debug|Any CPU.Build.0 = Debug|Any CPU
		{00EA9B90-79EF-49B9-9E7B-C43B8006FB06}.Release|Any CPU.ActiveCfg = Release|Any CPU
		{00EA9B90-79EF-49B9-9E7B-C43B8006FB06}.Release|Any CPU.Build.0 = Release|Any CPU
		{5F185A64-2C6D-4B4B-8C45-CC0AA9B0452D}.Debug|Any CPU.ActiveCfg = Debug|Any CPU
		{5F185A64-2C6D-4B4B-8C45-CC0AA9B0452D}.Debug|Any CPU.Build.0 = Debug|Any CPU
		{5F185A64-2C6D-4B4B-8C45-CC0AA9B0452D}.Release|Any CPU.ActiveCfg = Release|Any CPU
		{5F185A64-2C6D-4B4B-8C45-CC0AA9B0452D}.Release|Any CPU.Build.0 = Release|Any CPU
		{FD9A3E77-9623-47E9-AF6A-D03410331112}.Debug|Any CPU.ActiveCfg = Debug|Any CPU
		{FD9A3E77-9623-47E9-AF6A-D03410331112}.Debug|Any CPU.Build.0 = Debug|Any CPU
		{FD9A3E77-9623-47E9-AF6A-D03410331112}.Release|Any CPU.ActiveCfg = Release|Any CPU
		{FD9A3E77-9623-47E9-AF6A-D03410331112}.Release|Any CPU.Build.0 = Release|Any CPU
		{CE2FC3E1-626F-417D-9369-EEE9C6B6E632}.Debug|Any CPU.ActiveCfg = Debug|Any CPU
		{CE2FC3E1-626F-417D-9369-EEE9C6B6E632}.Debug|Any CPU.Build.0 = Debug|Any CPU
		{CE2FC3E1-626F-417D-9369-EEE9C6B6E632}.Release|Any CPU.ActiveCfg = Release|Any CPU
		{CE2FC3E1-626F-417D-9369-EEE9C6B6E632}.Release|Any CPU.Build.0 = Release|Any CPU
		{6CB65D7D-C9D5-4660-9181-B417F24B09E1}.Debug|Any CPU.ActiveCfg = Debug|Any CPU
		{6CB65D7D-C9D5-4660-9181-B417F24B09E1}.Debug|Any CPU.Build.0 = Debug|Any CPU
		{6CB65D7D-C9D5-4660-9181-B417F24B09E1}.Release|Any CPU.ActiveCfg = Release|Any CPU
		{6CB65D7D-C9D5-4660-9181-B417F24B09E1}.Release|Any CPU.Build.0 = Release|Any CPU
		{69DC67B4-A8F9-4254-B02B-7F04E02C3E27}.Debug|Any CPU.ActiveCfg = Debug|Any CPU
		{69DC67B4-A8F9-4254-B02B-7F04E02C3E27}.Debug|Any CPU.Build.0 = Debug|Any CPU
		{69DC67B4-A8F9-4254-B02B-7F04E02C3E27}.Release|Any CPU.ActiveCfg = Release|Any CPU
		{69DC67B4-A8F9-4254-B02B-7F04E02C3E27}.Release|Any CPU.Build.0 = Release|Any CPU
		{0CABEAED-E9AB-44B1-A3B4-F02931BE7E8C}.Debug|Any CPU.ActiveCfg = Debug|Any CPU
		{0CABEAED-E9AB-44B1-A3B4-F02931BE7E8C}.Debug|Any CPU.Build.0 = Debug|Any CPU
		{0CABEAED-E9AB-44B1-A3B4-F02931BE7E8C}.Release|Any CPU.ActiveCfg = Release|Any CPU
		{0CABEAED-E9AB-44B1-A3B4-F02931BE7E8C}.Release|Any CPU.Build.0 = Release|Any CPU
		{9FD7F5A6-711D-4B74-8508-160342C6C729}.Debug|Any CPU.ActiveCfg = Debug|Any CPU
		{9FD7F5A6-711D-4B74-8508-160342C6C729}.Debug|Any CPU.Build.0 = Debug|Any CPU
		{9FD7F5A6-711D-4B74-8508-160342C6C729}.Release|Any CPU.ActiveCfg = Release|Any CPU
		{9FD7F5A6-711D-4B74-8508-160342C6C729}.Release|Any CPU.Build.0 = Release|Any CPU
		{DAE927A2-717E-4B61-8724-B20DE79AC48C}.Debug|Any CPU.ActiveCfg = Debug|Any CPU
		{DAE927A2-717E-4B61-8724-B20DE79AC48C}.Debug|Any CPU.Build.0 = Debug|Any CPU
		{DAE927A2-717E-4B61-8724-B20DE79AC48C}.Release|Any CPU.ActiveCfg = Release|Any CPU
		{DAE927A2-717E-4B61-8724-B20DE79AC48C}.Release|Any CPU.Build.0 = Release|Any CPU
	EndGlobalSection
	GlobalSection(SolutionProperties) = preSolution
		HideSolutionNode = FALSE
	EndGlobalSection
	GlobalSection(ExtensibilityGlobals) = postSolution
		SolutionGuid = {B467BAA1-42D0-49D3-A827-B194C6FD8E7A}
	EndGlobalSection
EndGlobal
