
Microsoft Visual Studio Solution File, Format Version 12.00
# Visual Studio 14
VisualStudioVersion = 14.0.25420.1
MinimumVisualStudioVersion = 10.0.40219.1
Project("{FAE04EC0-301F-11D3-BF4B-00C04F79EFBC}") = "Entidades", "Entidades\Entidades.csproj", "{7DEEF386-847B-4926-ADA9-AA26FE6D6F9F}"
EndProject
Project("{FAE04EC0-301F-11D3-BF4B-00C04F79EFBC}") = "FormSistemaSolar", "FormSistemaSolar\FormSistemaSolar.csproj", "{BBD25565-853E-48C7-BDCB-FD8F1E71B40C}"
EndProject
Global
	GlobalSection(SolutionConfigurationPlatforms) = preSolution
		Debug|Any CPU = Debug|Any CPU
		Release|Any CPU = Release|Any CPU
	EndGlobalSection
	GlobalSection(ProjectConfigurationPlatforms) = postSolution
		{7DEEF386-847B-4926-ADA9-AA26FE6D6F9F}.Debug|Any CPU.ActiveCfg = Debug|Any CPU
		{7DEEF386-847B-4926-ADA9-AA26FE6D6F9F}.Debug|Any CPU.Build.0 = Debug|Any CPU
		{7DEEF386-847B-4926-ADA9-AA26FE6D6F9F}.Release|Any CPU.ActiveCfg = Release|Any CPU
		{7DEEF386-847B-4926-ADA9-AA26FE6D6F9F}.Release|Any CPU.Build.0 = Release|Any CPU
		{BBD25565-853E-48C7-BDCB-FD8F1E71B40C}.Debug|Any CPU.ActiveCfg = Debug|Any CPU
		{BBD25565-853E-48C7-BDCB-FD8F1E71B40C}.Debug|Any CPU.Build.0 = Debug|Any CPU
		{BBD25565-853E-48C7-BDCB-FD8F1E71B40C}.Release|Any CPU.ActiveCfg = Release|Any CPU
		{BBD25565-853E-48C7-BDCB-FD8F1E71B40C}.Release|Any CPU.Build.0 = Release|Any CPU
	EndGlobalSection
	GlobalSection(SolutionProperties) = preSolution
		HideSolutionNode = FALSE
	EndGlobalSection
EndGlobal
