
Microsoft Visual Studio Solution File, Format Version 12.00
# Visual Studio 15
VisualStudioVersion = 15.0.27703.2047
MinimumVisualStudioVersion = 10.0.40219.1
Project("{FAE04EC0-301F-11D3-BF4B-00C04F79EFBC}") = "VistaConsola", "VistaConsola\VistaConsola.csproj", "{327C914D-DEDA-439D-BE32-90E519751A20}"
EndProject
Project("{FAE04EC0-301F-11D3-BF4B-00C04F79EFBC}") = "EntidadesAbstractas", "Abstractas\EntidadesAbstractas.csproj", "{DE3B9BD5-4636-403F-9B2C-B2C67AD9AA2B}"
EndProject
Project("{FAE04EC0-301F-11D3-BF4B-00C04F79EFBC}") = "Clases_Instanciables", "Clases Instanciables\Clases_Instanciables.csproj", "{C81D6416-1F1E-41B2-9F50-41A21743BC2B}"
EndProject
Project("{FAE04EC0-301F-11D3-BF4B-00C04F79EFBC}") = "Excepciones", "Excepciones\Excepciones.csproj", "{6A25AACD-9BF3-497A-8665-B97A2603B15B}"
EndProject
Project("{FAE04EC0-301F-11D3-BF4B-00C04F79EFBC}") = "Archivos", "Archivos\Archivos.csproj", "{0BAC0279-B2DB-4F83-8B93-11B55166B22C}"
EndProject
Project("{FAE04EC0-301F-11D3-BF4B-00C04F79EFBC}") = "Tests", "Tests\Tests.csproj", "{E1D37ADA-878F-4B9E-8F80-6DD4A5BD7C9E}"
EndProject
Global
	GlobalSection(SolutionConfigurationPlatforms) = preSolution
		Debug|Any CPU = Debug|Any CPU
		Release|Any CPU = Release|Any CPU
	EndGlobalSection
	GlobalSection(ProjectConfigurationPlatforms) = postSolution
		{327C914D-DEDA-439D-BE32-90E519751A20}.Debug|Any CPU.ActiveCfg = Debug|Any CPU
		{327C914D-DEDA-439D-BE32-90E519751A20}.Debug|Any CPU.Build.0 = Debug|Any CPU
		{327C914D-DEDA-439D-BE32-90E519751A20}.Release|Any CPU.ActiveCfg = Release|Any CPU
		{327C914D-DEDA-439D-BE32-90E519751A20}.Release|Any CPU.Build.0 = Release|Any CPU
		{DE3B9BD5-4636-403F-9B2C-B2C67AD9AA2B}.Debug|Any CPU.ActiveCfg = Debug|Any CPU
		{DE3B9BD5-4636-403F-9B2C-B2C67AD9AA2B}.Debug|Any CPU.Build.0 = Debug|Any CPU
		{DE3B9BD5-4636-403F-9B2C-B2C67AD9AA2B}.Release|Any CPU.ActiveCfg = Release|Any CPU
		{DE3B9BD5-4636-403F-9B2C-B2C67AD9AA2B}.Release|Any CPU.Build.0 = Release|Any CPU
		{C81D6416-1F1E-41B2-9F50-41A21743BC2B}.Debug|Any CPU.ActiveCfg = Debug|Any CPU
		{C81D6416-1F1E-41B2-9F50-41A21743BC2B}.Debug|Any CPU.Build.0 = Debug|Any CPU
		{C81D6416-1F1E-41B2-9F50-41A21743BC2B}.Release|Any CPU.ActiveCfg = Release|Any CPU
		{C81D6416-1F1E-41B2-9F50-41A21743BC2B}.Release|Any CPU.Build.0 = Release|Any CPU
		{6A25AACD-9BF3-497A-8665-B97A2603B15B}.Debug|Any CPU.ActiveCfg = Debug|Any CPU
		{6A25AACD-9BF3-497A-8665-B97A2603B15B}.Debug|Any CPU.Build.0 = Debug|Any CPU
		{6A25AACD-9BF3-497A-8665-B97A2603B15B}.Release|Any CPU.ActiveCfg = Release|Any CPU
		{6A25AACD-9BF3-497A-8665-B97A2603B15B}.Release|Any CPU.Build.0 = Release|Any CPU
		{0BAC0279-B2DB-4F83-8B93-11B55166B22C}.Debug|Any CPU.ActiveCfg = Debug|Any CPU
		{0BAC0279-B2DB-4F83-8B93-11B55166B22C}.Debug|Any CPU.Build.0 = Debug|Any CPU
		{0BAC0279-B2DB-4F83-8B93-11B55166B22C}.Release|Any CPU.ActiveCfg = Release|Any CPU
		{0BAC0279-B2DB-4F83-8B93-11B55166B22C}.Release|Any CPU.Build.0 = Release|Any CPU
		{E1D37ADA-878F-4B9E-8F80-6DD4A5BD7C9E}.Debug|Any CPU.ActiveCfg = Debug|Any CPU
		{E1D37ADA-878F-4B9E-8F80-6DD4A5BD7C9E}.Debug|Any CPU.Build.0 = Debug|Any CPU
		{E1D37ADA-878F-4B9E-8F80-6DD4A5BD7C9E}.Release|Any CPU.ActiveCfg = Release|Any CPU
		{E1D37ADA-878F-4B9E-8F80-6DD4A5BD7C9E}.Release|Any CPU.Build.0 = Release|Any CPU
	EndGlobalSection
	GlobalSection(SolutionProperties) = preSolution
		HideSolutionNode = FALSE
	EndGlobalSection
	GlobalSection(ExtensibilityGlobals) = postSolution
		SolutionGuid = {1F56C992-58AF-40ED-A170-3F3B4FC803BF}
	EndGlobalSection
EndGlobal
